schema: '2.0'
stages:
  data_ingestion:
    cmd: python src/cnnClassifier/pipeline/stage_01_data_ingestion.py
    deps:
    - path: config/config.yaml
      hash: md5
      md5: 966546947ac35b818b1e34840a83f07a
      size: 800
    - path: src/cnnClassifier/pipeline/stage_01_data_ingestion.py
      hash: md5
      md5: 2e1c2ad52ddc9763ff2a241576a7477c
      size: 904
    outs:
    - path: artifacts/data_ingestion/Chicken-fecal-images
      hash: md5
      md5: 9e1f8dd2eae3c29e9d635df89d438ae4.dir
      size: 12207807
      nfiles: 390
  prepare_base_model:
    cmd: python src/cnnClassifier/pipeline/stage_02_prepare_base_model.py
    deps:
    - path: config/config.yaml
      hash: md5
      md5: 966546947ac35b818b1e34840a83f07a
      size: 800
    - path: src/cnnClassifier/pipeline/stage_02_prepare_base_model.py
      hash: md5
      md5: 67f9c35dec18e43cfb1e78bbfc824b1b
      size: 995
    params:
      params.yaml:
        CLASSES: 2
        IMAGE_SIZE:
        - 224
        - 224
        - 3
        INCLUDE_TOP: false
        LEARNING_RATE: 0.01
        WEIGHTS: imagenet
    outs:
    - path: artifacts/prepare_base_model
      hash: md5
      md5: 630d6341d9a76300ff531a2cc6aaad72.dir
      size: 118073512
      nfiles: 2
  training:
    cmd: python src/cnnClassifier/pipeline/stage_03_training.py
    deps:
    - path: artifacts/data_ingestion/Chicken-fecal-images
      hash: md5
      md5: 9e1f8dd2eae3c29e9d635df89d438ae4.dir
      size: 12207807
      nfiles: 390
    - path: artifacts/prepare_base_model
      hash: md5
      md5: 630d6341d9a76300ff531a2cc6aaad72.dir
      size: 118073512
      nfiles: 2
    - path: config/config.yaml
      hash: md5
      md5: 966546947ac35b818b1e34840a83f07a
      size: 800
    - path: src/cnnClassifier/components/prepare_callbacks.py
      hash: md5
      md5: 1abfe5cf2c87826662d265c84d1dfc6c
      size: 1022
    - path: src/cnnClassifier/pipeline/stage_03_training.py
      hash: md5
      md5: 2e9c42da884a98b3c095c9cd8f397637
      size: 1246
    params:
      params.yaml:
        AUGMENTATION: true
        BATCH_SIZE: 16
        EPOCHS: 1
        IMAGE_SIZE:
        - 224
        - 224
        - 3
    outs:
    - path: artifacts/training/model.h5
      hash: md5
      md5: 5444a8400dfb52d0a66acd58ab8a1922
      size: 59551240
  evaluation:
    cmd: python src/cnnClassifier/pipeline/stage_04_evalution.py
    deps:
    - path: artifacts/data_ingestion/Chicken-fecal-images
      hash: md5
      md5: 9e1f8dd2eae3c29e9d635df89d438ae4.dir
      size: 12207807
      nfiles: 390
    - path: artifacts/training/model.h5
      hash: md5
      md5: 5444a8400dfb52d0a66acd58ab8a1922
      size: 59551240
    - path: config/config.yaml
      hash: md5
      md5: 966546947ac35b818b1e34840a83f07a
      size: 800
    - path: src/cnnClassifier/pipeline/stage_04_evalution.py
      hash: md5
      md5: 3915b2e14d852b8f3e4274665e40aa6d
      size: 883
    params:
      params.yaml:
        BATCH_SIZE: 16
        IMAGE_SIZE:
        - 224
        - 224
        - 3
    outs:
    - path: scores.json
      hash: md5
      md5: 31381b280a1bb58b092098055e192fa5
      size: 73
